{
  "version": 4,
  "terraform_version": "1.15.8",
  "serial": 90,
  "lineage": "317b8da8-273b-28a6-d307-d979b06f305f",
  "outputs": {
    "firehose_role_arn": {
      "value": "arn:aws:iam::220334428465:role/SDL-FirehoseRole",
      "type": "string"
    },
    "glue_role_arn": {
      "value": "arn:aws:iam::220334428465:role/SDL-GlueRole",
      "type": "string"
    },
    "kdg_secret_arn": {
      "value": "arn:aws:secretsmanager:eu-central-1:220334428465:secret:KinesisDataGeneratorUser-FRCMAr",
      "type": "string"
    },
    "kdg_url": {
      "value": "https://awslabs.github.io/amazon-kinesis-data-generator/web/producer.html?upid=eu-central-1_PGbhSmFWr\u0026cid=4e7jbpq904uis1of4agaps4610\u0026ipid=eu-central-1:38a8d864-29fd-41ae-9d60-3127cab5bcff\u0026r=eu-central-1",
      "type": "string"
    },
    "s3_bucket_name": {
      "value": "sdl-immersion-day-220334428465",
      "type": "string"
    }
  },
  "resources": [
    {
      "mode": "data",
      "type": "aws_caller_identity",
      "name": "current",
      "provider": "provider[\"registry.terraform.io/hashicorp/aws\"]",
      "instances": [
        {
          "schema_version": 0,
          "attributes": {
            "account_id": "220334428465",
            "arn": "arn:aws:iam::220334428465:user/aws-sdl-workshop",
            "id": "220334428465",
            "user_id": "AIDATGTHUSEY5OLE746BE"
          },
          "sensitive_attributes": [],
          "identity_schema_version": 0
        }
      ]
    },
    {
      "mode": "data",
      "type": "aws_partition",
      "name": "current",
      "provider": "provider[\"registry.terraform.io/hashicorp/aws\"]",
      "instances": [
        {
          "schema_version": 0,
          "attributes": {
            "dns_suffix": "amazonaws.com",
            "id": "aws",
            "partition": "aws",
            "reverse_dns_prefix": "com.amazonaws"
          },
          "sensitive_attributes": [],
          "identity_schema_version": 0
        }
      ]
    },
    {
      "mode": "data",
      "type": "aws_region",
      "name": "current",
      "provider": "provider[\"registry.terraform.io/hashicorp/aws\"]",
      "instances": [
        {
          "schema_version": 0,
          "attributes": {
            "description": "Europe (Frankfurt)",
            "endpoint": "ec2.eu-central-1.amazonaws.com",
            "id": "eu-central-1",
            "name": "eu-central-1"
          },
          "sensitive_attributes": [],
          "identity_schema_version": 0
        }
      ]
    },
    {
      "mode": "managed",
      "type": "aws_cognito_identity_pool",
      "name": "kdg",
      "provider": "provider[\"registry.terraform.io/hashicorp/aws\"]",
      "instances": [
        {
          "schema_version": 0,
          "attributes": {
            "allow_classic_flow": false,
            "allow_unauthenticated_identities": false,
            "arn": "arn:aws:cognito-identity:eu-central-1:220334428465:identitypool/eu-central-1:38a8d864-29fd-41ae-9d60-3127cab5bcff",
            "cognito_identity_providers": [
              {
                "client_id": "4e7jbpq904uis1of4agaps4610",
                "provider_name": "cognito-idp.eu-central-1.amazonaws.com/eu-central-1_PGbhSmFWr",
                "server_side_token_check": false
              }
            ],
            "developer_provider_name": "",
            "id": "eu-central-1:38a8d864-29fd-41ae-9d60-3127cab5bcff",
            "identity_pool_name": "KinesisDataGeneratorIdentityPool",
            "openid_connect_provider_arns": [],
            "saml_provider_arns": [],
            "supported_login_providers": {},
            "tags": {},
            "tags_all": {}
          },
          "sensitive_attributes": [],
          "identity_schema_version": 0,
          "private": "bnVsbA==",
          "dependencies": [
            "aws_cognito_user_pool.kdg",
            "aws_cognito_user_pool_client.kdg"
          ]
        }
      ]
    },
    {
      "mode": "managed",
      "type": "aws_cognito_identity_pool_roles_attachment",
      "name": "kdg",
      "provider": "provider[\"registry.terraform.io/hashicorp/aws\"]",
      "instances": [
        {
          "schema_version": 0,
          "attributes": {
            "id": "eu-central-1:38a8d864-29fd-41ae-9d60-3127cab5bcff",
            "identity_pool_id": "eu-central-1:38a8d864-29fd-41ae-9d60-3127cab5bcff",
            "role_mapping": [],
            "roles": {
              "authenticated": "arn:aws:iam::220334428465:role/KDG-AuthenticatedUserRole",
              "unauthenticated": "arn:aws:iam::220334428465:role/KDG-UnauthenticatedUserRole"
            }
          },
          "sensitive_attributes": [],
          "identity_schema_version": 0,
          "private": "bnVsbA==",
          "dependencies": [
            "aws_cognito_identity_pool.kdg",
            "aws_cognito_user_pool.kdg",
            "aws_cognito_user_pool_client.kdg",
            "aws_iam_role.kdg_auth",
            "aws_iam_role.kdg_unauth"
          ]
        }
      ]
    },
    {
      "mode": "managed",
      "type": "aws_cognito_user",
      "name": "kdg",
      "provider": "provider[\"registry.terraform.io/hashicorp/aws\"]",
      "instances": [
        {
          "schema_version": 0,
          "attributes": {
            "attributes": {
              "email": "aws-datalake@example.com",
              "email_verified": "true",
              "sub": "238478e2-f051-7076-d31f-a927b0ae8d2b"
            },
            "client_metadata": null,
            "creation_date": "2026-09-03T14:01:31Z",
            "desired_delivery_mediums": null,
            "enabled": true,
            "force_alias_creation": null,
            "id": "eu-central-1_PGbhSmFWr/aws-datalake",
            "last_modified_date": "2026-09-03T14:01:31Z",
            "message_action": "SUPPRESS",
            "mfa_setting_list": [],
            "password": "password12",
            "preferred_mfa_setting": "",
            "status": "CONFIRMED",
            "sub": "238478e2-f051-7076-d31f-a927b0ae8d2b",
            "temporary_password": null,
            "user_pool_id": "eu-central-1_PGbhSmFWr",
            "username": "aws-datalake",
            "validation_data": null
          },
          "sensitive_attributes": [
            [
              {
                "type": "get_attr",
                "value": "password"
              }
            ],
            [
              {
                "type": "get_attr",
                "value": "temporary_password"
              }
            ]
          ],
          "identity_schema_version": 0,
          "private": "bnVsbA==",
          "dependencies": [
            "aws_cognito_user_pool.kdg"
          ]
        }
      ]
    },
    {
      "mode": "managed",
      "type": "aws_cognito_user_pool",
      "name": "kdg",
      "provider": "provider[\"registry.terraform.io/hashicorp/aws\"]",
      "instances": [
        {
          "schema_version": 0,
          "attributes": {
            "account_recovery_setting": [
              {
                "recovery_mechanism": [
                  {
                    "name": "verified_email",
                    "priority": 1
                  },
                  {
                    "name": "verified_phone_number",
                    "priority": 2
                  }
                ]
              }
            ],
            "admin_create_user_config": [
              {
                "allow_admin_create_user_only": false,
                "invite_message_template": []
              }
            ],
            "alias_attributes": null,
            "arn": "arn:aws:cognito-idp:eu-central-1:220334428465:userpool/eu-central-1_PGbhSmFWr",
            "auto_verified_attributes": [],
            "creation_date": "2026-09-03T14:01:30Z",
            "custom_domain": "",
            "deletion_protection": "INACTIVE",
            "device_configuration": [],
            "domain": "",
            "email_configuration": [
              {
                "configuration_set": "",
                "email_sending_account": "COGNITO_DEFAULT",
                "from_email_address": "",
                "reply_to_email_address": "",
                "source_arn": ""
              }
            ],
            "email_mfa_configuration": [],
            "email_verification_message": "",
            "email_verification_subject": "",
            "endpoint": "cognito-idp.eu-central-1.amazonaws.com/eu-central-1_PGbhSmFWr",
            "estimated_number_of_users": 1,
            "id": "eu-central-1_PGbhSmFWr",
            "lambda_config": [],
            "last_modified_date": "2026-09-03T14:01:30Z",
            "mfa_configuration": "OFF",
            "name": "KiensisDataGeneratorUserPool",
            "password_policy": [
              {
                "minimum_length": 6,
                "password_history_size": 0,
                "require_lowercase": true,
                "require_numbers": true,
                "require_symbols": false,
                "require_uppercase": false,
                "temporary_password_validity_days": 7
              }
            ],
            "schema": [],
            "sign_in_policy": [
              {
                "allowed_first_auth_factors": [
                  "PASSWORD"
                ]
              }
            ],
            "sms_authentication_message": "",
            "sms_configuration": [],
            "sms_verification_message": "",
            "software_token_mfa_configuration": [],
            "tags": {},
            "tags_all": {},
            "user_attribute_update_settings": [],
            "user_pool_add_ons": [],
            "user_pool_tier": "ESSENTIALS",
            "username_attributes": [],
            "username_configuration": [],
            "verification_message_template": [
              {
                "default_email_option": "CONFIRM_WITH_CODE",
                "email_message": "",
                "email_message_by_link": "",
                "email_subject": "",
                "email_subject_by_link": "",
                "sms_message": ""
              }
            ],
            "web_authn_configuration": []
          },
          "sensitive_attributes": [],
          "identity_schema_version": 0,
          "private": "bnVsbA=="
        }
      ]
    },
    {
      "mode": "managed",
      "type": "aws_cognito_user_pool_client",
      "name": "kdg",
      "provider": "provider[\"registry.terraform.io/hashicorp/aws\"]",
      "instances": [
        {
          "schema_version": 0,
          "attributes": {
            "access_token_validity": 0,
            "allowed_oauth_flows": [],
            "allowed_oauth_flows_user_pool_client": false,
            "allowed_oauth_scopes": [],
            "analytics_configuration": [],
            "auth_session_validity": 3,
            "callback_urls": [],
            "client_secret": "",
            "default_redirect_uri": "",
            "enable_propagate_additional_user_context_data": false,
            "enable_token_revocation": true,
            "explicit_auth_flows": [
              "ALLOW_REFRESH_TOKEN_AUTH",
              "ALLOW_USER_PASSWORD_AUTH",
              "ALLOW_USER_SRP_AUTH"
            ],
            "generate_secret": null,
            "id": "4e7jbpq904uis1of4agaps4610",
            "id_token_validity": 0,
            "logout_urls": [],
            "name": "KinesisDataGeneratorUserPoolClient",
            "prevent_user_existence_errors": "",
            "read_attributes": [],
            "refresh_token_rotation": [],
            "refresh_token_validity": 30,
            "supported_identity_providers": [],
            "token_validity_units": [],
            "user_pool_id": "eu-central-1_PGbhSmFWr",
            "write_attributes": []
          },
          "sensitive_attributes": [
            [
              {
                "type": "get_attr",
                "value": "client_secret"
              }
            ]
          ],
          "identity_schema_version": 0,
          "dependencies": [
            "aws_cognito_user_pool.kdg"
          ]
        }
      ]
    },
    {
      "mode": "managed",
      "type": "aws_iam_role",
      "name": "firehose",
      "provider": "provider[\"registry.terraform.io/hashicorp/aws\"]",
      "instances": [
        {
          "schema_version": 0,
          "attributes": {
            "arn": "arn:aws:iam::220334428465:role/SDL-FirehoseRole",
            "assume_role_policy": "{\"Statement\":[{\"Action\":\"sts:AssumeRole\",\"Condition\":{\"StringEquals\":{\"sts:ExternalId\":\"220334428465\"}},\"Effect\":\"Allow\",\"Principal\":{\"Service\":\"firehose.amazonaws.com\"},\"Sid\":\"\"}],\"Version\":\"2012-10-17\"}",
            "create_date": "2026-09-03T14:01:29Z",
            "description": "",
            "force_detach_policies": false,
            "id": "SDL-FirehoseRole",
            "inline_policy": [
              {
                "name": "S3BucketPermissions",
                "policy": "{\"Version\":\"2012-10-17\",\"Statement\":[{\"Action\":[\"s3:PutObject\",\"s3:GetObject\",\"s3:DeleteObject\"],\"Effect\":\"Allow\",\"Resource\":\"arn:aws:s3:::sdl-immersion-day-220334428465/*\"}]}"
              }
            ],
            "managed_policy_arns": [
              "arn:aws:iam::aws:policy/CloudWatchLogsFullAccess"
            ],
            "max_session_duration": 3600,
            "name": "SDL-FirehoseRole",
            "name_prefix": "",
            "path": "/",
            "permissions_boundary": "",
            "tags": {},
            "tags_all": {},
            "unique_id": "AROATGTHUSEYTCFPAZFUR"
          },
          "sensitive_attributes": [],
          "identity_schema_version": 0,
          "private": "bnVsbA==",
          "dependencies": [
            "data.aws_caller_identity.current"
          ]
        }
      ]
    },
    {
      "mode": "managed",
      "type": "aws_iam_role",
      "name": "glue",
      "provider": "provider[\"registry.terraform.io/hashicorp/aws\"]",
      "instances": [
        {
          "schema_version": 0,
          "attributes": {
            "arn": "arn:aws:iam::220334428465:role/SDL-GlueRole",
            "assume_role_policy": "{\"Statement\":[{\"Action\":\"sts:AssumeRole\",\"Effect\":\"Allow\",\"Principal\":{\"Service\":\"glue.amazonaws.com\"}}],\"Version\":\"2012-10-17\"}",
            "create_date": "2026-09-03T14:01:29Z",
            "description": "",
            "force_detach_policies": false,
            "id": "SDL-GlueRole",
            "inline_policy": [
              {
                "name": "AWSGlueInteractiveSessions",
                "policy": "{\"Version\":\"2012-10-17\",\"Statement\":[{\"Action\":\"iam:PassRole\",\"Condition\":{\"StringLike\":{\"iam:PassedToService\":\"glue.amazonaws.com\"}},\"Effect\":\"Allow\",\"Resource\":\"arn:aws:iam::220334428465:role/SDL-GlueRole\"}]}"
              },
              {
                "name": "S3BucketPermissions",
                "policy": "{\"Version\":\"2012-10-17\",\"Statement\":[{\"Action\":[\"s3:PutObject\",\"s3:GetObject\",\"s3:DeleteObject\"],\"Effect\":\"Allow\",\"Resource\":\"arn:aws:s3:::sdl-immersion-day-220334428465/*\"}]}"
              }
            ],
            "managed_policy_arns": [
              "arn:aws:iam::aws:policy/service-role/AWSGlueServiceRole"
            ],
            "max_session_duration": 3600,
            "name": "SDL-GlueRole",
            "name_prefix": "",
            "path": "/",
            "permissions_boundary": "",
            "tags": {},
            "tags_all": {},
            "unique_id": "AROATGTHUSEYYF4IS2BMG"
          },
          "sensitive_attributes": [],
          "identity_schema_version": 0,
          "private": "bnVsbA=="
        }
      ]
    },
    {
      "mode": "managed",
      "type": "aws_iam_role",
      "name": "kdg_auth",
      "provider": "provider[\"registry.terraform.io/hashicorp/aws\"]",
      "instances": [
        {
          "schema_version": 0,
          "attributes": {
            "arn": "arn:aws:iam::220334428465:role/KDG-AuthenticatedUserRole",
            "assume_role_policy": "{\"Statement\":[{\"Action\":\"sts:AssumeRoleWithWebIdentity\",\"Condition\":{\"ForAnyValue:StringLike\":{\"cognito-identity.amazonaws.com:amr\":\"authenticated\"},\"StringEquals\":{\"cognito-identity.amazonaws.com:aud\":\"eu-central-1:38a8d864-29fd-41ae-9d60-3127cab5bcff\"}},\"Effect\":\"Allow\",\"Principal\":{\"Federated\":\"cognito-identity.amazonaws.com\"}}],\"Version\":\"2012-10-17\"}",
            "create_date": "2026-09-03T14:01:29Z",
            "description": "",
            "force_detach_policies": false,
            "id": "KDG-AuthenticatedUserRole",
            "inline_policy": [
              {
                "name": "AllowStreaming",
                "policy": "{\"Version\":\"2012-10-17\",\"Statement\":[{\"Action\":[\"kinesis:DescribeStream\",\"kinesis:PutRecord\",\"kinesis:PutRecords\"],\"Effect\":\"Allow\",\"Resource\":\"arn:aws:kinesis:*:*:stream/*\"},{\"Action\":[\"firehose:DescribeDeliveryStream\",\"firehose:PutRecord\",\"firehose:PutRecordBatch\"],\"Effect\":\"Allow\",\"Resource\":\"arn:aws:firehose:*:*:deliverystream/*\"},{\"Action\":[\"ec2:DescribeRegions\",\"firehose:ListDeliveryStreams\",\"kinesis:ListStreams\"],\"Effect\":\"Allow\",\"Resource\":\"*\"}]}"
              }
            ],
            "managed_policy_arns": [],
            "max_session_duration": 3600,
            "name": "KDG-AuthenticatedUserRole",
            "name_prefix": "",
            "path": "/",
            "permissions_boundary": "",
            "tags": {},
            "tags_all": {},
            "unique_id": "AROATGTHUSEYRD6BLJSGE"
          },
          "sensitive_attributes": [],
          "identity_schema_version": 0,
          "private": "bnVsbA==",
          "dependencies": [
            "aws_cognito_identity_pool.kdg",
            "aws_cognito_user_pool.kdg",
            "aws_cognito_user_pool_client.kdg"
          ]
        }
      ]
    },
    {
      "mode": "managed",
      "type": "aws_iam_role",
      "name": "kdg_lambda_exec",
      "provider": "provider[\"registry.terraform.io/hashicorp/aws\"]",
      "instances": [
        {
          "schema_version": 0,
          "attributes": {
            "arn": "arn:aws:iam::220334428465:role/KDG-SetupLambdaExecutionRole",
            "assume_role_policy": "{\"Statement\":[{\"Action\":\"sts:AssumeRole\",\"Effect\":\"Allow\",\"Principal\":{\"Service\":\"lambda.amazonaws.com\"}}],\"Version\":\"2012-10-17\"}",
            "create_date": "2026-09-03T14:01:29Z",
            "description": "",
            "force_detach_policies": false,
            "id": "KDG-SetupLambdaExecutionRole",
            "inline_policy": [
              {
                "name": "SetupCognitoLambda",
                "policy": "{\"Version\":\"2012-10-17\",\"Statement\":[{\"Action\":[\"logs:CreateLogGroup\",\"logs:CreateLogStream\",\"logs:PutLogEvents\"],\"Effect\":\"Allow\",\"Resource\":\"arn:aws:logs:*:*:log-group:/aws/lambda/KinesisDataGeneratorCognitoSetup*\"},{\"Action\":[\"cognito-idp:AdminConfirmSignUp\",\"cognito-idp:CreateUserPoolClient\",\"cognito-idp:AdminCreateUser\"],\"Effect\":\"Allow\",\"Resource\":\"arn:aws:cognito-idp:*:*:userpool/*\"},{\"Action\":[\"cognito-idp:CreateUserPool\",\"cognito-identity:CreateIdentityPool\",\"cognito-identity:SetIdentityPoolRoles\"],\"Effect\":\"Allow\",\"Resource\":\"*\"},{\"Action\":[\"iam:UpdateAssumeRolePolicy\",\"iam:PassRole\"],\"Effect\":\"Allow\",\"Resource\":[\"arn:aws:iam::220334428465:role/KDG-AuthenticatedUserRole\",\"arn:aws:iam::220334428465:role/KDG-UnauthenticatedUserRole\"]}]}"
              }
            ],
            "managed_policy_arns": [],
            "max_session_duration": 3600,
            "name": "KDG-SetupLambdaExecutionRole",
            "name_prefix": "",
            "path": "/",
            "permissions_boundary": "",
            "tags": {},
            "tags_all": {},
            "unique_id": "AROATGTHUSEYZFQF22OPQ"
          },
          "sensitive_attributes": [],
          "identity_schema_version": 0,
          "private": "bnVsbA=="
        }
      ]
    },
    {
      "mode": "managed",
      "type": "aws_iam_role",
      "name": "kdg_unauth",
      "provider": "provider[\"registry.terraform.io/hashicorp/aws\"]",
      "instances": [
        {
          "schema_version": 0,
          "attributes": {
            "arn": "arn:aws:iam::220334428465:role/KDG-UnauthenticatedUserRole",
            "assume_role_policy": "{\"Statement\":[{\"Action\":\"sts:AssumeRoleWithWebIdentity\",\"Condition\":{\"ForAnyValue:StringLike\":{\"cognito-identity.amazonaws.com:amr\":\"unauthenticated\"},\"StringEquals\":{\"cognito-identity.amazonaws.com:aud\":\"eu-central-1:38a8d864-29fd-41ae-9d60-3127cab5bcff\"}},\"Effect\":\"Allow\",\"Principal\":{\"Federated\":\"cognito-identity.amazonaws.com\"}}],\"Version\":\"2012-10-17\"}",
            "create_date": "2026-09-03T14:01:29Z",
            "description": "",
            "force_detach_policies": false,
            "id": "KDG-UnauthenticatedUserRole",
            "inline_policy": [
              {
                "name": "DenyAll",
                "policy": "{\"Version\":\"2012-10-17\",\"Statement\":[{\"Action\":\"*\",\"Effect\":\"Deny\",\"Resource\":\"*\"}]}"
              }
            ],
            "managed_policy_arns": [],
            "max_session_duration": 3600,
            "name": "KDG-UnauthenticatedUserRole",
            "name_prefix": "",
            "path": "/",
            "permissions_boundary": "",
            "tags": {},
            "tags_all": {},
            "unique_id": "AROATGTHUSEY6WZKSKRBD"
          },
          "sensitive_attributes": [],
          "identity_schema_version": 0,
          "private": "bnVsbA==",
          "dependencies": [
            "aws_cognito_identity_pool.kdg",
            "aws_cognito_user_pool.kdg",
            "aws_cognito_user_pool_client.kdg"
          ]
        }
      ]
    },
    {
      "mode": "managed",
      "type": "aws_iam_role_policy",
      "name": "firehose_s3_access",
      "provider": "provider[\"registry.terraform.io/hashicorp/aws\"]",
      "instances": [
        {
          "schema_version": 0,
          "attributes": {
            "id": "SDL-FirehoseRole:S3BucketPermissions",
            "name": "S3BucketPermissions",
            "name_prefix": "",
            "policy": "{\"Version\":\"2012-10-17\",\"Statement\":[{\"Action\":[\"s3:PutObject\",\"s3:GetObject\",\"s3:DeleteObject\"],\"Effect\":\"Allow\",\"Resource\":\"arn:aws:s3:::sdl-immersion-day-220334428465/*\"}]}",
            "role": "SDL-FirehoseRole"
          },
          "sensitive_attributes": [],
          "identity_schema_version": 0,
          "private": "bnVsbA==",
          "dependencies": [
            "aws_iam_role.firehose",
            "aws_s3_bucket.sdl",
            "data.aws_caller_identity.current"
          ]
        }
      ]
    },
    {
      "mode": "managed",
      "type": "aws_iam_role_policy",
      "name": "glue_interactive_sessions",
      "provider": "provider[\"registry.terraform.io/hashicorp/aws\"]",
      "instances": [
        {
          "schema_version": 0,
          "attributes": {
            "id": "SDL-GlueRole:AWSGlueInteractiveSessions",
            "name": "AWSGlueInteractiveSessions",
            "name_prefix": "",
            "policy": "{\"Version\":\"2012-10-17\",\"Statement\":[{\"Action\":\"iam:PassRole\",\"Condition\":{\"StringLike\":{\"iam:PassedToService\":\"glue.amazonaws.com\"}},\"Effect\":\"Allow\",\"Resource\":\"arn:aws:iam::220334428465:role/SDL-GlueRole\"}]}",
            "role": "SDL-GlueRole"
          },
          "sensitive_attributes": [],
          "identity_schema_version": 0,
          "private": "bnVsbA==",
          "dependencies": [
            "aws_iam_role.glue"
          ]
        }
      ]
    },
    {
      "mode": "managed",
      "type": "aws_iam_role_policy",
      "name": "kdg_auth_policy",
      "provider": "provider[\"registry.terraform.io/hashicorp/aws\"]",
      "instances": [
        {
          "schema_version": 0,
          "attributes": {
            "id": "KDG-AuthenticatedUserRole:AllowStreaming",
            "name": "AllowStreaming",
            "name_prefix": "",
            "policy": "{\"Version\":\"2012-10-17\",\"Statement\":[{\"Action\":[\"kinesis:DescribeStream\",\"kinesis:PutRecord\",\"kinesis:PutRecords\"],\"Effect\":\"Allow\",\"Resource\":\"arn:aws:kinesis:*:*:stream/*\"},{\"Action\":[\"firehose:DescribeDeliveryStream\",\"firehose:PutRecord\",\"firehose:PutRecordBatch\"],\"Effect\":\"Allow\",\"Resource\":\"arn:aws:firehose:*:*:deliverystream/*\"},{\"Action\":[\"ec2:DescribeRegions\",\"firehose:ListDeliveryStreams\",\"kinesis:ListStreams\"],\"Effect\":\"Allow\",\"Resource\":\"*\"}]}",
            "role": "KDG-AuthenticatedUserRole"
          },
          "sensitive_attributes": [],
          "identity_schema_version": 0,
          "private": "bnVsbA==",
          "dependencies": [
            "aws_cognito_identity_pool.kdg",
            "aws_cognito_user_pool.kdg",
            "aws_cognito_user_pool_client.kdg",
            "aws_iam_role.kdg_auth",
            "data.aws_partition.current"
          ]
        }
      ]
    },
    {
      "mode": "managed",
      "type": "aws_iam_role_policy",
      "name": "kdg_lambda_exec_policy",
      "provider": "provider[\"registry.terraform.io/hashicorp/aws\"]",
      "instances": [
        {
          "schema_version": 0,
          "attributes": {
            "id": "KDG-SetupLambdaExecutionRole:SetupCognitoLambda",
            "name": "SetupCognitoLambda",
            "name_prefix": "",
            "policy": "{\"Version\":\"2012-10-17\",\"Statement\":[{\"Action\":[\"logs:CreateLogGroup\",\"logs:CreateLogStream\",\"logs:PutLogEvents\"],\"Effect\":\"Allow\",\"Resource\":\"arn:aws:logs:*:*:log-group:/aws/lambda/KinesisDataGeneratorCognitoSetup*\"},{\"Action\":[\"cognito-idp:AdminConfirmSignUp\",\"cognito-idp:CreateUserPoolClient\",\"cognito-idp:AdminCreateUser\"],\"Effect\":\"Allow\",\"Resource\":\"arn:aws:cognito-idp:*:*:userpool/*\"},{\"Action\":[\"cognito-idp:CreateUserPool\",\"cognito-identity:CreateIdentityPool\",\"cognito-identity:SetIdentityPoolRoles\"],\"Effect\":\"Allow\",\"Resource\":\"*\"},{\"Action\":[\"iam:UpdateAssumeRolePolicy\",\"iam:PassRole\"],\"Effect\":\"Allow\",\"Resource\":[\"arn:aws:iam::220334428465:role/KDG-AuthenticatedUserRole\",\"arn:aws:iam::220334428465:role/KDG-UnauthenticatedUserRole\"]}]}",
            "role": "KDG-SetupLambdaExecutionRole"
          },
          "sensitive_attributes": [],
          "identity_schema_version": 0,
          "private": "bnVsbA==",
          "dependencies": [
            "aws_cognito_identity_pool.kdg",
            "aws_cognito_user_pool.kdg",
            "aws_cognito_user_pool_client.kdg",
            "aws_iam_role.kdg_auth",
            "aws_iam_role.kdg_lambda_exec",
            "aws_iam_role.kdg_unauth",
            "data.aws_partition.current"
          ]
        }
      ]
    },
    {
      "mode": "managed",
      "type": "aws_iam_role_policy",
      "name": "kdg_unauth_policy",
      "provider": "provider[\"registry.terraform.io/hashicorp/aws\"]",
      "instances": [
        {
          "schema_version": 0,
          "attributes": {
            "id": "KDG-UnauthenticatedUserRole:DenyAll",
            "name": "DenyAll",
            "name_prefix": "",
            "policy": "{\"Version\":\"2012-10-17\",\"Statement\":[{\"Action\":\"*\",\"Effect\":\"Deny\",\"Resource\":\"*\"}]}",
            "role": "KDG-UnauthenticatedUserRole"
          },
          "sensitive_attributes": [],
          "identity_schema_version": 0,
          "private": "bnVsbA==",
          "dependencies": [
            "aws_cognito_identity_pool.kdg",
            "aws_cognito_user_pool.kdg",
            "aws_cognito_user_pool_client.kdg",
            "aws_iam_role.kdg_unauth"
          ]
        }
      ]
    },
    {
      "mode": "managed",
      "type": "aws_iam_role_policy",
      "name": "s3_access",
      "provider": "provider[\"registry.terraform.io/hashicorp/aws\"]",
      "instances": [
        {
          "schema_version": 0,
          "attributes": {
            "id": "SDL-GlueRole:S3BucketPermissions",
            "name": "S3BucketPermissions",
            "name_prefix": "",
            "policy": "{\"Version\":\"2012-10-17\",\"Statement\":[{\"Action\":[\"s3:PutObject\",\"s3:GetObject\",\"s3:DeleteObject\"],\"Effect\":\"Allow\",\"Resource\":\"arn:aws:s3:::sdl-immersion-day-220334428465/*\"}]}",
            "role": "SDL-GlueRole"
          },
          "sensitive_attributes": [],
          "identity_schema_version": 0,
          "private": "bnVsbA==",
          "dependencies": [
            "aws_iam_role.glue",
            "aws_s3_bucket.sdl",
            "data.aws_caller_identity.current"
          ]
        }
      ]
    },
    {
      "mode": "managed",
      "type": "aws_iam_role_policy_attachment",
      "name": "firehose_cloudwatch",
      "provider": "provider[\"registry.terraform.io/hashicorp/aws\"]",
      "instances": [
        {
          "schema_version": 0,
          "attributes": {
            "id": "SDL-FirehoseRole-20260903140130637400000004",
            "policy_arn": "arn:aws:iam::aws:policy/CloudWatchLogsFullAccess",
            "role": "SDL-FirehoseRole"
          },
          "sensitive_attributes": [],
          "identity_schema_version": 0,
          "private": "bnVsbA==",
          "dependencies": [
            "aws_iam_role.firehose",
            "data.aws_caller_identity.current"
          ]
        }
      ]
    },
    {
      "mode": "managed",
      "type": "aws_iam_role_policy_attachment",
      "name": "glue_service",
      "provider": "provider[\"registry.terraform.io/hashicorp/aws\"]",
      "instances": [
        {
          "schema_version": 0,
          "attributes": {
            "id": "SDL-GlueRole-20260903140130533700000003",
            "policy_arn": "arn:aws:iam::aws:policy/service-role/AWSGlueServiceRole",
            "role": "SDL-GlueRole"
          },
          "sensitive_attributes": [],
          "identity_schema_version": 0,
          "private": "bnVsbA==",
          "dependencies": [
            "aws_iam_role.glue"
          ]
        }
      ]
    },
    {
      "mode": "managed",
      "type": "aws_s3_bucket",
      "name": "sdl",
      "provider": "provider[\"registry.terraform.io/hashicorp/aws\"]",
      "instances": [
        {
          "schema_version": 0,
          "attributes": {
            "acceleration_status": "",
            "acl": null,
            "arn": "arn:aws:s3:::sdl-immersion-day-220334428465",
            "bucket": "sdl-immersion-day-220334428465",
            "bucket_domain_name": "sdl-immersion-day-220334428465.s3.amazonaws.com",
            "bucket_prefix": "",
            "bucket_regional_domain_name": "sdl-immersion-day-220334428465.s3.eu-central-1.amazonaws.com",
            "cors_rule": [],
            "force_destroy": false,
            "grant": [
              {
                "id": "b7c59a56be560e7721ed5e82820379b5032ea7c8aa56f69daa6173011a18eb69",
                "permissions": [
                  "FULL_CONTROL"
                ],
                "type": "CanonicalUser",
                "uri": ""
              }
            ],
            "hosted_zone_id": "Z21DNDUVLTQW6Q",
            "id": "sdl-immersion-day-220334428465",
            "lifecycle_rule": [],
            "logging": [],
            "object_lock_configuration": [],
            "object_lock_enabled": false,
            "policy": "",
            "region": "eu-central-1",
            "replication_configuration": [],
            "request_payer": "BucketOwner",
            "server_side_encryption_configuration": [
              {
                "rule": [
                  {
                    "apply_server_side_encryption_by_default": [
                      {
                        "kms_master_key_id": "",
                        "sse_algorithm": "AES256"
                      }
                    ],
                    "bucket_key_enabled": false
                  }
                ]
              }
            ],
            "tags": {},
            "tags_all": {},
            "timeouts": null,
            "versioning": [
              {
                "enabled": false,
                "mfa_delete": false
              }
            ],
            "website": [],
            "website_domain": null,
            "website_endpoint": null
          },
          "sensitive_attributes": [],
          "identity_schema_version": 0,
          "private": "eyJlMmJmYjczMC1lY2FhLTExZTYtOGY4OC0zNDM2M2JjN2M0YzAiOnsiY3JlYXRlIjoxMjAwMDAwMDAwMDAwLCJkZWxldGUiOjM2MDAwMDAwMDAwMDAsInJlYWQiOjEyMDAwMDAwMDAwMDAsInVwZGF0ZSI6MTIwMDAwMDAwMDAwMH19",
          "dependencies": [
            "data.aws_caller_identity.current"
          ]
        }
      ]
    },
    {
      "mode": "managed",
      "type": "aws_s3_bucket_public_access_block",
      "name": "sdl",
      "provider": "provider[\"registry.terraform.io/hashicorp/aws\"]",
      "instances": [
        {
          "schema_version": 0,
          "attributes": {
            "block_public_acls": true,
            "block_public_policy": true,
            "bucket": "sdl-immersion-day-220334428465",
            "id": "sdl-immersion-day-220334428465",
            "ignore_public_acls": true,
            "restrict_public_buckets": true
          },
          "sensitive_attributes": [],
          "identity_schema_version": 0,
          "private": "bnVsbA==",
          "dependencies": [
            "aws_s3_bucket.sdl",
            "data.aws_caller_identity.current"
          ]
        }
      ]
    },
    {
      "mode": "managed",
      "type": "aws_secretsmanager_secret",
      "name": "kdg",
      "provider": "provider[\"registry.terraform.io/hashicorp/aws\"]",
      "instances": [
        {
          "schema_version": 0,
          "attributes": {
            "arn": "arn:aws:secretsmanager:eu-central-1:220334428465:secret:KinesisDataGeneratorUser-FRCMAr",
            "description": "Secret for the Cognito User for the Kinesis Data Generator",
            "force_overwrite_replica_secret": false,
            "id": "arn:aws:secretsmanager:eu-central-1:220334428465:secret:KinesisDataGeneratorUser-FRCMAr",
            "kms_key_id": "",
            "name": "KinesisDataGeneratorUser",
            "name_prefix": "",
            "policy": "",
            "recovery_window_in_days": 30,
            "replica": [],
            "tags": {},
            "tags_all": {}
          },
          "sensitive_attributes": [],
          "identity_schema_version": 0,
          "private": "bnVsbA=="
        }
      ]
    },
    {
      "mode": "managed",
      "type": "aws_secretsmanager_secret_version",
      "name": "kdg",
      "provider": "provider[\"registry.terraform.io/hashicorp/aws\"]",
      "instances": [
        {
          "schema_version": 0,
          "attributes": {
            "arn": "arn:aws:secretsmanager:eu-central-1:220334428465:secret:KinesisDataGeneratorUser-FRCMAr",
            "has_secret_string_wo": null,
            "id": "arn:aws:secretsmanager:eu-central-1:220334428465:secret:KinesisDataGeneratorUser-FRCMAr|terraform-20260903140129666500000002",
            "secret_binary": "",
            "secret_id": "arn:aws:secretsmanager:eu-central-1:220334428465:secret:KinesisDataGeneratorUser-FRCMAr",
            "secret_string": "{\"password\":\"password12\",\"username\":\"aws-datalake\"}",
            "secret_string_wo": null,
            "secret_string_wo_version": null,
            "version_id": "terraform-20260903140129666500000002",
            "version_stages": [
              "AWSCURRENT"
            ]
          },
          "sensitive_attributes": [
            [
              {
                "type": "get_attr",
                "value": "secret_binary"
              }
            ],
            [
              {
                "type": "get_attr",
                "value": "secret_string"
              }
            ],
            [
              {
                "type": "get_attr",
                "value": "secret_string_wo"
              }
            ]
          ],
          "identity_schema_version": 0,
          "private": "bnVsbA==",
          "dependencies": [
            "aws_secretsmanager_secret.kdg"
          ]
        }
      ]
    }
  ],
  "check_results": null
}
